
Microsoft Visual Studio Solution File, Format Version 12.00
# Visual Studio Version 16
VisualStudioVersion = 16.0.31624.102
MinimumVisualStudioVersion = 10.0.40219.1
Project("{FAE04EC0-301F-11D3-BF4B-00C04F79EFBC}") = "studentStudyApp", "studentStudyApp\studentStudyApp.csproj", "{C5E7149E-9102-4265-88F3-1AFA8ECE262D}"
EndProject
Global
	GlobalSection(SolutionConfigurationPlatforms) = preSolution
		Debug|Any CPU = Debug|Any CPU
		Release|Any CPU = Release|Any CPU
	EndGlobalSection
	GlobalSection(ProjectConfigurationPlatforms) = postSolution
		{C5E7149E-9102-4265-88F3-1AFA8ECE262D}.Debug|Any CPU.ActiveCfg = Debug|Any CPU
		{C5E7149E-9102-4265-88F3-1AFA8ECE262D}.Debug|Any CPU.Build.0 = Debug|Any CPU
		{C5E7149E-9102-4265-88F3-1AFA8ECE262D}.Release|Any CPU.ActiveCfg = Release|Any CPU
		{C5E7149E-9102-4265-88F3-1AFA8ECE262D}.Release|Any CPU.Build.0 = Release|Any CPU
	EndGlobalSection
	GlobalSection(SolutionProperties) = preSolution
		HideSolutionNode = FALSE
	EndGlobalSection
	GlobalSection(ExtensibilityGlobals) = postSolution
		SolutionGuid = {B5F3B496-9F14-43AE-B986-118C3C1065BB}
	EndGlobalSection
EndGlobal
